dependencies:
- name: postgresql
  repository: https://charts.bitnami.com/bitnami
  version: 12.2.7
- name: kube-prometheus-stack
  repository: https://prometheus-community.github.io/helm-charts
  version: 45.9.1
- name: ingress-nginx
  repository: https://kubernetes.github.io/ingress-nginx
  version: 4.6.0
digest: sha256:9c4d8ad7e95772634b0a298adabde60f3f729a87b472f56cebd3e2780fb1447d
generated: "2023-04-22T21:21:39.8585404+03:00"
